
Microsoft Visual Studio Solution File, Format Version 12.00
# Visual Studio Version 17
VisualStudioVersion = 17.0.32126.317
MinimumVisualStudioVersion = 10.0.40219.1
Project("{8BC9CEB8-8B4A-11D0-8D11-00A0C91BC942}") = "discord c++ lib", "discord c++ lib\discord c++ lib.vcxproj", "{DCF69670-72FD-46F3-8CB4-8BB5C61DC7BF}"
EndProject
Global
	GlobalSection(SolutionConfigurationPlatforms) = preSolution
		Debug|x64 = Debug|x64
		Debug|x86 = Debug|x86
		Release|x64 = Release|x64
		Release|x86 = Release|x86
	EndGlobalSection
	GlobalSection(ProjectConfigurationPlatforms) = postSolution
		{DCF69670-72FD-46F3-8CB4-8BB5C61DC7BF}.Debug|x64.ActiveCfg = Debug|x64
		{DCF69670-72FD-46F3-8CB4-8BB5C61DC7BF}.Debug|x64.Build.0 = Debug|x64
		{DCF69670-72FD-46F3-8CB4-8BB5C61DC7BF}.Debug|x86.ActiveCfg = Debug|Win32
		{DCF69670-72FD-46F3-8CB4-8BB5C61DC7BF}.Debug|x86.Build.0 = Debug|Win32
		{DCF69670-72FD-46F3-8CB4-8BB5C61DC7BF}.Release|x64.ActiveCfg = Release|x64
		{DCF69670-72FD-46F3-8CB4-8BB5C61DC7BF}.Release|x64.Build.0 = Release|x64
		{DCF69670-72FD-46F3-8CB4-8BB5C61DC7BF}.Release|x86.ActiveCfg = Release|Win32
		{DCF69670-72FD-46F3-8CB4-8BB5C61DC7BF}.Release|x86.Build.0 = Release|Win32
	EndGlobalSection
	GlobalSection(SolutionProperties) = preSolution
		HideSolutionNode = FALSE
	EndGlobalSection
	GlobalSection(ExtensibilityGlobals) = postSolution
		SolutionGuid = {A96B4860-EBFA-45EC-9A02-5BBF8001F0DE}
	EndGlobalSection
EndGlobal
